
Microsoft Visual Studio Solution File, Format Version 12.00
# Visual Studio Version 17
VisualStudioVersion = 17.3.32819.101
MinimumVisualStudioVersion = 10.0.40219.1
Project("{FAE04EC0-301F-11D3-BF4B-00C04F79EFBC}") = "Forum", "Forum\Forum.csproj", "{7CE94D84-BAC3-4A7F-BD2E-8DBA99BEA1F9}"
EndProject
Global
	GlobalSection(SolutionConfigurationPlatforms) = preSolution
		Debug|Any CPU = Debug|Any CPU
		Release|Any CPU = Release|Any CPU
	EndGlobalSection
	GlobalSection(ProjectConfigurationPlatforms) = postSolution
		{7CE94D84-BAC3-4A7F-BD2E-8DBA99BEA1F9}.Debug|Any CPU.ActiveCfg = Debug|Any CPU
		{7CE94D84-BAC3-4A7F-BD2E-8DBA99BEA1F9}.Debug|Any CPU.Build.0 = Debug|Any CPU
		{7CE94D84-BAC3-4A7F-BD2E-8DBA99BEA1F9}.Release|Any CPU.ActiveCfg = Release|Any CPU
		{7CE94D84-BAC3-4A7F-BD2E-8DBA99BEA1F9}.Release|Any CPU.Build.0 = Release|Any CPU
	EndGlobalSection
	GlobalSection(SolutionProperties) = preSolution
		HideSolutionNode = FALSE
	EndGlobalSection
	GlobalSection(ExtensibilityGlobals) = postSolution
		SolutionGuid = {814BC504-7CAF-48DB-8AA5-DCC41AE301B2}
	EndGlobalSection
EndGlobal
